// !$*UTF8*$!
{
	archiveVersion = 1;
	classes = {
	};
	objectVersion = 77;
	objects = {

/* Begin PBXBuildFile section */
		00AC98DEA28489DD6908AF55 /* BankConnectionView.swift in Sources */ = {isa = PBXBuildFile; fileRef = 96E034857217E3051EED9D5E /* BankConnectionView.swift */; };
		027BFD5C497A7856194BCD9C /* FoodOrderScraper.swift in Sources */ = {isa = PBXBuildFile; fileRef = 60E952FB2367F2A7E2A989D4 /* FoodOrderScraper.swift */; };
		04B23479566DDDECB4E46782 /* PersonalInfoStore.swift in Sources */ = {isa = PBXBuildFile; fileRef = EA29550B57E517FA984E2F95 /* PersonalInfoStore.swift */; };
		050F0CEB78564F11246008FC /* SubscriptionManagerView.swift in Sources */ = {isa = PBXBuildFile; fileRef = 2ACC958D8A710936FBF3E507 /* SubscriptionManagerView.swift */; };
		058686C8E6D871ED84DA9101 /* PlaidService.swift in Sources */ = {isa = PBXBuildFile; fileRef = 334C63DA2F79650F4421D505 /* PlaidService.swift */; };
		06AA33967BDC1C169AB740BF /* MonthlyWrappedEngine.swift in Sources */ = {isa = PBXBuildFile; fileRef = 1E7762AAB5F8E3D142BC609B /* MonthlyWrappedEngine.swift */; };
		080C38D6B6E6C2A00E3F14DA /* FoodAutoDetector.swift in Sources */ = {isa = PBXBuildFile; fileRef = 76B0B14972CB68CF44B17D34 /* FoodAutoDetector.swift */; };
		08612EC0817909BF81E47160 /* UserProfileStore.swift in Sources */ = {isa = PBXBuildFile; fileRef = 12C9682C27FF6CF927F56115 /* UserProfileStore.swift */; };
		0B10CDDFAC8D4D7D371ECEC6 /* LifeScoreEngine.swift in Sources */ = {isa = PBXBuildFile; fileRef = 6213C92BE7F89BF2DC5CE589 /* LifeScoreEngine.swift */; };
		0BFE2453982B24CCB51203E5 /* EmailSyncView.swift in Sources */ = {isa = PBXBuildFile; fileRef = 565DFBF3625B3CE3B402F579 /* EmailSyncView.swift */; };
		11E7C7EF9343A220AB8E8638 /* GmailService.swift in Sources */ = {isa = PBXBuildFile; fileRef = A59739E4F9B3F83F237819C2 /* GmailService.swift */; };
		135660C10BB7B48F210F282D /* FoodAnalyzer.swift in Sources */ = {isa = PBXBuildFile; fileRef = 51E0C2548B93274577920891 /* FoodAnalyzer.swift */; };
		18F2C9BFC1AD9B9177080AE9 /* SavingsGoalsView.swift in Sources */ = {isa = PBXBuildFile; fileRef = B213151CFB637FF24CAB8518 /* SavingsGoalsView.swift */; };
		1BF95D6B806A1850610E6CB5 /* LocationCollector.swift in Sources */ = {isa = PBXBuildFile; fileRef = A0C17B88CBA08421F33F6735 /* LocationCollector.swift */; };
		1C81D6F669B7BB6D2FFCCEB3 /* GoogleSignIn in Frameworks */ = {isa = PBXBuildFile; productRef = B6E18E1D8AEE3BF1FDA1E5E9 /* GoogleSignIn */; };
		1E934C6C49B0F826C86DF03F /* WhatIfSimulator.swift in Sources */ = {isa = PBXBuildFile; fileRef = 9EC7405D2681CE62ED93C4EF /* WhatIfSimulator.swift */; };
		1F58191B6654C4E174D04F65 /* LifeEvent.swift in Sources */ = {isa = PBXBuildFile; fileRef = AF34756D6C79F4A69872FD0D /* LifeEvent.swift */; };
		1F9C660C476B1677432DAAC0 /* MerchantNameResolver.swift in Sources */ = {isa = PBXBuildFile; fileRef = 361F214944A93CF2BBA19220 /* MerchantNameResolver.swift */; };
		2096127801237A38602A0AB2 /* GoalsView.swift in Sources */ = {isa = PBXBuildFile; fileRef = A0276F01AE57228A57F07C4C /* GoalsView.swift */; };
		22EA1CB33A17DCC6FC82406D /* Assets.xcassets in Resources */ = {isa = PBXBuildFile; fileRef = F543015C899423D4B01CEB2E /* Assets.xcassets */; };
		2548D31B2FFD8C3D1E1EEFBF /* NutritionDatabase.swift in Sources */ = {isa = PBXBuildFile; fileRef = 46F1B5247E0CC89CE4187B6A /* NutritionDatabase.swift */; };
		27CF968BD4FD26515C7CC106 /* LocationSetupView.swift in Sources */ = {isa = PBXBuildFile; fileRef = 5515DA495846DAFB581A444B /* LocationSetupView.swift */; };
		2A20626617F09E6C6A2D84D6 /* HapticEngine.swift in Sources */ = {isa = PBXBuildFile; fileRef = F890E958A16CEEF51D3D2199 /* HapticEngine.swift */; };
		2A99CF2A373378048FE8CAB5 /* EmailSyncViewModel.swift in Sources */ = {isa = PBXBuildFile; fileRef = 190B083056D1B8A275A42F4A /* EmailSyncViewModel.swift */; };
		2F6237E4E4485FC255AC89C5 /* TransactionBridge.swift in Sources */ = {isa = PBXBuildFile; fileRef = 247CB0CBF0D00DFF4B5458F9 /* TransactionBridge.swift */; };
		33BA0505358482CCEFEA917B /* NotificationEngine.swift in Sources */ = {isa = PBXBuildFile; fileRef = 3CA9D4CE3F20019B2118E57D /* NotificationEngine.swift */; };
		35A410EEDE9EA9F6336F556C /* VoiceFoodParser.swift in Sources */ = {isa = PBXBuildFile; fileRef = BEC7FD643ACF9CF69EAB5039 /* VoiceFoodParser.swift */; };
		38ECBFD31067D3E145BD4F43 /* FoodLogView.swift in Sources */ = {isa = PBXBuildFile; fileRef = 85DE8D927EC9BFDFEF39DC53 /* FoodLogView.swift */; };
		3ABAF2049462044573BD7B67 /* MoodStore.swift in Sources */ = {isa = PBXBuildFile; fileRef = 5C24F0CC98986CC530FE3D22 /* MoodStore.swift */; };
		3D211C87DBD3602B18B88EB0 /* MonthlyWrappedView.swift in Sources */ = {isa = PBXBuildFile; fileRef = 7256ABCE120F4DD1552AEA2F /* MonthlyWrappedView.swift */; };
		3E2DC43BC0CC86FCA5E16FB1 /* TransactionListView.swift in Sources */ = {isa = PBXBuildFile; fileRef = 07CF72C3660503AC381AFA96 /* TransactionListView.swift */; };
		3FED69853086FF3185B68E66 /* DashboardViewModel.swift in Sources */ = {isa = PBXBuildFile; fileRef = 443162E1767EFCE1E3A33DF8 /* DashboardViewModel.swift */; };
		407951FC63D2B52F949FB36C /* HealthCollector.swift in Sources */ = {isa = PBXBuildFile; fileRef = ECF316164EDDAAE8DD404D1D /* HealthCollector.swift */; };
		4161B8720EC599811D3C63D3 /* BudgetStore.swift in Sources */ = {isa = PBXBuildFile; fileRef = A3368A9F0A8103F4EBF83126 /* BudgetStore.swift */; };
		445C052442747365B7CB2124 /* GoogleSignInSwift in Frameworks */ = {isa = PBXBuildFile; productRef = D54F64CAC303BBA3536F06CD /* GoogleSignInSwift */; };
		4A7B2931E340B09085A1FEDB /* GoalStore.swift in Sources */ = {isa = PBXBuildFile; fileRef = 77B70500E4D518BE50B4A5B5 /* GoalStore.swift */; };
		4D34EDCB811D431AB8C5879A /* ChallengesView.swift in Sources */ = {isa = PBXBuildFile; fileRef = C69DFC2ABC6818CCBF21C7C4 /* ChallengesView.swift */; };
		4D5B24398B8B871C54E2ABCD /* SpendingAnalyzer.swift in Sources */ = {isa = PBXBuildFile; fileRef = 189939C37AF2250AE046348D /* SpendingAnalyzer.swift */; };
		501DCB4A49B65AB77A9FA7CA /* AppLearningStage.swift in Sources */ = {isa = PBXBuildFile; fileRef = 6CC685096E7916360F2118B4 /* AppLearningStage.swift */; };
		502AD6E9FAA4D04D20461DCD /* GroqService.swift in Sources */ = {isa = PBXBuildFile; fileRef = EC82BE74DFE9D7EF2258721D /* GroqService.swift */; };
		52EA6E2EB6D69497A598F515 /* HealthGateView.swift in Sources */ = {isa = PBXBuildFile; fileRef = ADA7710153C19AA6B7F089F5 /* HealthGateView.swift */; };
		557989F11CC8650FB0227F53 /* SmartComparisonView.swift in Sources */ = {isa = PBXBuildFile; fileRef = 4785B0598C2AFB940DC4030F /* SmartComparisonView.swift */; };
		55E55375CD8FF20CFA6416FF /* VoiceInputView.swift in Sources */ = {isa = PBXBuildFile; fileRef = AB5AF550ED8DA1804AF59669 /* VoiceInputView.swift */; };
		56739A65E7DFD193CA84C8BC /* AppTheme.swift in Sources */ = {isa = PBXBuildFile; fileRef = 1793CCD2031E3E7DC08D30C8 /* AppTheme.swift */; };
		56B0305B5D3847FC6B326502 /* ContentView.swift in Sources */ = {isa = PBXBuildFile; fileRef = CE8509E5A49E4A5CAAEB3ADB /* ContentView.swift */; };
		63891950E6A2B325DC5ED3DC /* Speech.framework in Frameworks */ = {isa = PBXBuildFile; fileRef = B414DD003D19E2766B5A28EC /* Speech.framework */; };
		65AB71CD9E31F5366A88E297 /* CrossSourceAnalyzer.swift in Sources */ = {isa = PBXBuildFile; fileRef = 9BDEA41C478261CDB5A7DD43 /* CrossSourceAnalyzer.swift */; };
		6BAC8D754413CF7FCAF00459 /* UserProfile.swift in Sources */ = {isa = PBXBuildFile; fileRef = D733DC16BE7EC2999CA788DE /* UserProfile.swift */; };
		6D3C652C87360FCE5258A252 /* FoodStore.swift in Sources */ = {isa = PBXBuildFile; fileRef = D6BF4CDA71D96FD251FC705A /* FoodStore.swift */; };
		6FC6DA884973EE9F35CE56C4 /* SpendingPredictor.swift in Sources */ = {isa = PBXBuildFile; fileRef = 289642ECD9EC4E523F8BF635 /* SpendingPredictor.swift */; };
		70A5FAD0BC3A55A0687F2ABE /* Config.swift in Sources */ = {isa = PBXBuildFile; fileRef = 356FB86D51F95709B33569F2 /* Config.swift */; };
		743BE0836AE494478D725F0D /* AchievementEngine.swift in Sources */ = {isa = PBXBuildFile; fileRef = 2D3CDDBECB1534F7D9711F99 /* AchievementEngine.swift */; };
		7580056CEED2E01E5B7B45D7 /* DataCollector.swift in Sources */ = {isa = PBXBuildFile; fileRef = 319AA25064349D463598C9AA /* DataCollector.swift */; };
		76021EB86019550F35142A4D /* HabitStore.swift in Sources */ = {isa = PBXBuildFile; fileRef = 3982D921EDEC135D657EDD1C /* HabitStore.swift */; };
		76C7BC890898CBF71DC7104E /* PatternEngine.swift in Sources */ = {isa = PBXBuildFile; fileRef = C2DB7C11CEBC1E13D981A8FF /* PatternEngine.swift */; };
		7DCAE6FF690255D776897E02 /* LocationAnalyzer.swift in Sources */ = {isa = PBXBuildFile; fileRef = C04AD2AC9FFE3E37811D53A5 /* LocationAnalyzer.swift */; };
		7E71D30EA094EDCD1F85667B /* GeminiSetupView.swift in Sources */ = {isa = PBXBuildFile; fileRef = AEFDEC9CB7EF660EA3D90091 /* GeminiSetupView.swift */; };
		81A243F6DBAAA499BA53AD84 /* LifeCoachView.swift in Sources */ = {isa = PBXBuildFile; fileRef = 89E95F87FC4876F0B62D259F /* LifeCoachView.swift */; };
		86922E12A5B82D473854294A /* IntegrationAuthAlert.swift in Sources */ = {isa = PBXBuildFile; fileRef = C5BA7C9575BC0ED6EA40C0B7 /* IntegrationAuthAlert.swift */; };
		88A20D941AF19B995A71BF12 /* CoreLocation.framework in Frameworks */ = {isa = PBXBuildFile; fileRef = 3687BF9AB0AE427C7F5E8CE0 /* CoreLocation.framework */; };
		89C0AF28400E59C127D7A14B /* MoodCheckInView.swift in Sources */ = {isa = PBXBuildFile; fileRef = 2C93332898B30E2F4E28AC31 /* MoodCheckInView.swift */; };
		8D2A198F9C48936939DD54A2 /* WeeklyDigestView.swift in Sources */ = {isa = PBXBuildFile; fileRef = 7CA71EED4FA33CE473E23E29 /* WeeklyDigestView.swift */; };
		8DCDB92F27F8984ACF29BE87 /* CategoryBreakdownView.swift in Sources */ = {isa = PBXBuildFile; fileRef = 47958E43A494FA8EE927F4A3 /* CategoryBreakdownView.swift */; };
		8FDF6030F497B56964CC3D85 /* SwiftEmailReceiptParser.swift in Sources */ = {isa = PBXBuildFile; fileRef = 3E3A8BB9B7B9789724748E15 /* SwiftEmailReceiptParser.swift */; };
		91AC223FD164D788B3E6D39F /* AchievementsView.swift in Sources */ = {isa = PBXBuildFile; fileRef = 8E158AD4F1F8E5515D1DF974 /* AchievementsView.swift */; };
		9269EDD21DFD43A131AB00FE /* SettingsView.swift in Sources */ = {isa = PBXBuildFile; fileRef = 92DB86A1324A5D8F0E6E7BBF /* SettingsView.swift */; };
		9416A7BFE34CD052729D5FB3 /* DataExportView.swift in Sources */ = {isa = PBXBuildFile; fileRef = 5963D0FFF0E1877E18CE9BE9 /* DataExportView.swift */; };
		95F0B6B6CA6CBC324CEC1BD1 /* OnboardingView.swift in Sources */ = {isa = PBXBuildFile; fileRef = 6A411C8151B9626697390188 /* OnboardingView.swift */; };
		9840498E6D5690FE2ED9F9B1 /* HabitTrackerView.swift in Sources */ = {isa = PBXBuildFile; fileRef = FB4F167E133E305C4DFEEACB /* HabitTrackerView.swift */; };
		9AD0AE23B0F1F68C6FB5C37B /* ProfileSetupSheet.swift in Sources */ = {isa = PBXBuildFile; fileRef = 48F27151AE0536DB520ED6E2 /* ProfileSetupSheet.swift */; };
		9C00348318BDAE348EE597CC /* YouTabView.swift in Sources */ = {isa = PBXBuildFile; fileRef = D62D19D83B3E262826BA7BD8 /* YouTabView.swift */; };
		9DE138C8639B6CE3850577EE /* BackgroundScheduler.swift in Sources */ = {isa = PBXBuildFile; fileRef = 0529444F4A2CB02298B68574 /* BackgroundScheduler.swift */; };
		A1DD9C5CEFDC5A610EFCD0BC /* HealthKit.framework in Frameworks */ = {isa = PBXBuildFile; fileRef = 406949BDE05A97C338FFFAD2 /* HealthKit.framework */; };
		A20B58593C7FB291B85A3BED /* SavingsGoalStore.swift in Sources */ = {isa = PBXBuildFile; fileRef = 7C3434E293F156ECCE23D821 /* SavingsGoalStore.swift */; };
		A2AB4CFB3BA101FA6D27B274 /* WeeklyDigestEngine.swift in Sources */ = {isa = PBXBuildFile; fileRef = A884C092E6C8D6368F25F361 /* WeeklyDigestEngine.swift */; };
		A57E122DC1671883D36B8287 /* AuthService.swift in Sources */ = {isa = PBXBuildFile; fileRef = 099B3B899732BCCE87EA9EE7 /* AuthService.swift */; };
		A831425300E3E9BF2813F6BD /* TransactionDetailView.swift in Sources */ = {isa = PBXBuildFile; fileRef = 2A8B881D8B36DC9C9655B895 /* TransactionDetailView.swift */; };
		A8CC8A38F6C1CFD293D4C8F7 /* QuickFoodLogSheet.swift in Sources */ = {isa = PBXBuildFile; fileRef = 8A641F6CE2B0D06658BC63B9 /* QuickFoodLogSheet.swift */; };
		A8CE44EBC4741D7B06468968 /* SubscriptionManager.swift in Sources */ = {isa = PBXBuildFile; fileRef = 11B783E099EFA8F881A31C67 /* SubscriptionManager.swift */; };
		A9A2448019414843DC1EAB95 /* WeatherCorrelation.swift in Sources */ = {isa = PBXBuildFile; fileRef = 93570CF1BCC6FF2FE92BAFB2 /* WeatherCorrelation.swift */; };
		B00145C77F04DDFB292C0C5E /* WhatIfView.swift in Sources */ = {isa = PBXBuildFile; fileRef = CA4B5CFD0B273D9283EBB777 /* WhatIfView.swift */; };
		B1751DF92A391623C19894D6 /* PlaceResolver.swift in Sources */ = {isa = PBXBuildFile; fileRef = BFEABA041495200170418713 /* PlaceResolver.swift */; };
		B23F47210B777B97C9482A3E /* AnomalyDetector.swift in Sources */ = {isa = PBXBuildFile; fileRef = 2011348C133076607AE42341 /* AnomalyDetector.swift */; };
		B2A1BD17C5D235607CF24E6F /* DashboardView.swift in Sources */ = {isa = PBXBuildFile; fileRef = 8E83E8DC1255E73A5744FA1E /* DashboardView.swift */; };
		B7C4F6137AC8345E71E92063 /* LinkKit in Frameworks */ = {isa = PBXBuildFile; productRef = 328EC003D8E4D9BF9601BD48 /* LinkKit */; };
		B9A6BAF0A3CD112CEC7ADCB4 /* MorningBriefEngine.swift in Sources */ = {isa = PBXBuildFile; fileRef = 9E402707330EDD557F0CEC05 /* MorningBriefEngine.swift */; };
		BBCE8F26E8ABD176DA343419 /* ChallengeStore.swift in Sources */ = {isa = PBXBuildFile; fileRef = 6D44EE992A89B88F50C21816 /* ChallengeStore.swift */; };
		BE82D07869D968419F204B3E /* InsightsViewModel.swift in Sources */ = {isa = PBXBuildFile; fileRef = 7D795C7A5B8E99DF66BB27DA /* InsightsViewModel.swift */; };
		C51A54D1D425B7A94A82A5D8 /* LocationHeatmapView.swift in Sources */ = {isa = PBXBuildFile; fileRef = 28B4BBB6CE7DB59B3067ECF4 /* LocationHeatmapView.swift */; };
		C641A010C78DAA74F8781481 /* TrendChartsView.swift in Sources */ = {isa = PBXBuildFile; fileRef = 897AE136252BF54060FE38C7 /* TrendChartsView.swift */; };
		C6AF5718208DC4149629764E /* NudgeEngine.swift in Sources */ = {isa = PBXBuildFile; fileRef = 77EABC37C8D65B9AEAE5BA92 /* NudgeEngine.swift */; };
		C6D1E1DCE1A51454824ECF70 /* HealthAnalyzer.swift in Sources */ = {isa = PBXBuildFile; fileRef = 4C8A52EC26689DE663890973 /* HealthAnalyzer.swift */; };
		C7D2F88E9EF238E01F55027C /* Insight.swift in Sources */ = {isa = PBXBuildFile; fileRef = C8462F7AB04F036EFE8E9B41 /* Insight.swift */; };
		C95854546DF2E0CCF2034A0A /* LockScreenView.swift in Sources */ = {isa = PBXBuildFile; fileRef = 768C496DD9C11F0BA91CEE6A /* LockScreenView.swift */; };
		C99C1A5586D0EF87C63B9248 /* LocalAuthentication.framework in Frameworks */ = {isa = PBXBuildFile; fileRef = B1A0E071A0A9F448C300FD10 /* LocalAuthentication.framework */; };
		CADA78BF1405C9F7C1A4872B /* NodeCompassApp.swift in Sources */ = {isa = PBXBuildFile; fileRef = 9FD71F36E68D40DCEFCBEC1D /* NodeCompassApp.swift */; };
		CCD681F0328327A9000E6751 /* FoodDeliveryParser.swift in Sources */ = {isa = PBXBuildFile; fileRef = 5E3F3A380E7CE9962A1E6ACA /* FoodDeliveryParser.swift */; };
		CE53DDC7AC0B89524FAAFC6C /* TodayPulseEngine.swift in Sources */ = {isa = PBXBuildFile; fileRef = 941F224CF0AB3C1D531D810A /* TodayPulseEngine.swift */; };
		D53660DD456657468777D2BD /* BillCalendarEngine.swift in Sources */ = {isa = PBXBuildFile; fileRef = DCDBA9C20F150EA3E589017D /* BillCalendarEngine.swift */; };
		D8B88039292AC912E5BFEA37 /* BudgetView.swift in Sources */ = {isa = PBXBuildFile; fileRef = C9125FD7056341844726926F /* BudgetView.swift */; };
		D9BA80CC24CCC8211010381A /* TransactionStore.swift in Sources */ = {isa = PBXBuildFile; fileRef = 1F0B19F4FCBAB9EC25E497C0 /* TransactionStore.swift */; };
		DDBC9984B563DBE21E6F1D24 /* InsightsView.swift in Sources */ = {isa = PBXBuildFile; fileRef = 5BF068946FB82B2B090E9859 /* InsightsView.swift */; };
		E04BDF60961932EED8648493 /* LocationGateView.swift in Sources */ = {isa = PBXBuildFile; fileRef = 9515B652DFD608407284B391 /* LocationGateView.swift */; };
		E725F6A479BDCEDB7AE33910 /* ComparisonEngine.swift in Sources */ = {isa = PBXBuildFile; fileRef = F79FE36B8680774BD218F485 /* ComparisonEngine.swift */; };
		EBA10633F15FEAE8A33D25C6 /* SmartCategorizer.swift in Sources */ = {isa = PBXBuildFile; fileRef = 76860E48ED8E2F855A6B4DD5 /* SmartCategorizer.swift */; };
		EDA15DA0173943D9665122C6 /* EventStore.swift in Sources */ = {isa = PBXBuildFile; fileRef = 8286F5C87CCDECE6C30C3A24 /* EventStore.swift */; };
		F4D4F30AC936DEE08DD7259A /* VoiceInputEngine.swift in Sources */ = {isa = PBXBuildFile; fileRef = 98088B6DC866301B12A70A74 /* VoiceInputEngine.swift */; };
		FB39938CC4E2E7B734725E8C /* KeychainService.swift in Sources */ = {isa = PBXBuildFile; fileRef = 0F99A6E0E5C91E3FB013D695 /* KeychainService.swift */; };
/* End PBXBuildFile section */

/* Begin PBXFileReference section */
		0529444F4A2CB02298B68574 /* BackgroundScheduler.swift */ = {isa = PBXFileReference; lastKnownFileType = sourcecode.swift; path = BackgroundScheduler.swift; sourceTree = "<group>"; };
		07CF72C3660503AC381AFA96 /* TransactionListView.swift */ = {isa = PBXFileReference; lastKnownFileType = sourcecode.swift; path = TransactionListView.swift; sourceTree = "<group>"; };
		099B3B899732BCCE87EA9EE7 /* AuthService.swift */ = {isa = PBXFileReference; lastKnownFileType = sourcecode.swift; path = AuthService.swift; sourceTree = "<group>"; };
		0F99A6E0E5C91E3FB013D695 /* KeychainService.swift */ = {isa = PBXFileReference; lastKnownFileType = sourcecode.swift; path = KeychainService.swift; sourceTree = "<group>"; };
		11B783E099EFA8F881A31C67 /* SubscriptionManager.swift */ = {isa = PBXFileReference; lastKnownFileType = sourcecode.swift; path = SubscriptionManager.swift; sourceTree = "<group>"; };
		12C9682C27FF6CF927F56115 /* UserProfileStore.swift */ = {isa = PBXFileReference; lastKnownFileType = sourcecode.swift; path = UserProfileStore.swift; sourceTree = "<group>"; };
		1793CCD2031E3E7DC08D30C8 /* AppTheme.swift */ = {isa = PBXFileReference; lastKnownFileType = sourcecode.swift; path = AppTheme.swift; sourceTree = "<group>"; };
		189939C37AF2250AE046348D /* SpendingAnalyzer.swift */ = {isa = PBXFileReference; lastKnownFileType = sourcecode.swift; path = SpendingAnalyzer.swift; sourceTree = "<group>"; };
		190B083056D1B8A275A42F4A /* EmailSyncViewModel.swift */ = {isa = PBXFileReference; lastKnownFileType = sourcecode.swift; path = EmailSyncViewModel.swift; sourceTree = "<group>"; };
		1E7762AAB5F8E3D142BC609B /* MonthlyWrappedEngine.swift */ = {isa = PBXFileReference; lastKnownFileType = sourcecode.swift; path = MonthlyWrappedEngine.swift; sourceTree = "<group>"; };
		1F0B19F4FCBAB9EC25E497C0 /* TransactionStore.swift */ = {isa = PBXFileReference; lastKnownFileType = sourcecode.swift; path = TransactionStore.swift; sourceTree = "<group>"; };
		2011348C133076607AE42341 /* AnomalyDetector.swift */ = {isa = PBXFileReference; lastKnownFileType = sourcecode.swift; path = AnomalyDetector.swift; sourceTree = "<group>"; };
		247CB0CBF0D00DFF4B5458F9 /* TransactionBridge.swift */ = {isa = PBXFileReference; lastKnownFileType = sourcecode.swift; path = TransactionBridge.swift; sourceTree = "<group>"; };
		289642ECD9EC4E523F8BF635 /* SpendingPredictor.swift */ = {isa = PBXFileReference; lastKnownFileType = sourcecode.swift; path = SpendingPredictor.swift; sourceTree = "<group>"; };
		28B4BBB6CE7DB59B3067ECF4 /* LocationHeatmapView.swift */ = {isa = PBXFileReference; lastKnownFileType = sourcecode.swift; path = LocationHeatmapView.swift; sourceTree = "<group>"; };
		2A8B881D8B36DC9C9655B895 /* TransactionDetailView.swift */ = {isa = PBXFileReference; lastKnownFileType = sourcecode.swift; path = TransactionDetailView.swift; sourceTree = "<group>"; };
		2ACC958D8A710936FBF3E507 /* SubscriptionManagerView.swift */ = {isa = PBXFileReference; lastKnownFileType = sourcecode.swift; path = SubscriptionManagerView.swift; sourceTree = "<group>"; };
		2C93332898B30E2F4E28AC31 /* MoodCheckInView.swift */ = {isa = PBXFileReference; lastKnownFileType = sourcecode.swift; path = MoodCheckInView.swift; sourceTree = "<group>"; };
		2D3CDDBECB1534F7D9711F99 /* AchievementEngine.swift */ = {isa = PBXFileReference; lastKnownFileType = sourcecode.swift; path = AchievementEngine.swift; sourceTree = "<group>"; };
		319AA25064349D463598C9AA /* DataCollector.swift */ = {isa = PBXFileReference; lastKnownFileType = sourcecode.swift; path = DataCollector.swift; sourceTree = "<group>"; };
		334C63DA2F79650F4421D505 /* PlaidService.swift */ = {isa = PBXFileReference; lastKnownFileType = sourcecode.swift; path = PlaidService.swift; sourceTree = "<group>"; };
		356FB86D51F95709B33569F2 /* Config.swift */ = {isa = PBXFileReference; lastKnownFileType = sourcecode.swift; path = Config.swift; sourceTree = "<group>"; };
		361F214944A93CF2BBA19220 /* MerchantNameResolver.swift */ = {isa = PBXFileReference; lastKnownFileType = sourcecode.swift; path = MerchantNameResolver.swift; sourceTree = "<group>"; };
		3687BF9AB0AE427C7F5E8CE0 /* CoreLocation.framework */ = {isa = PBXFileReference; lastKnownFileType = wrapper.framework; name = CoreLocation.framework; path = System/Library/Frameworks/CoreLocation.framework; sourceTree = SDKROOT; };
		3982D921EDEC135D657EDD1C /* HabitStore.swift */ = {isa = PBXFileReference; lastKnownFileType = sourcecode.swift; path = HabitStore.swift; sourceTree = "<group>"; };
		3CA9D4CE3F20019B2118E57D /* NotificationEngine.swift */ = {isa = PBXFileReference; lastKnownFileType = sourcecode.swift; path = NotificationEngine.swift; sourceTree = "<group>"; };
		3E3A8BB9B7B9789724748E15 /* SwiftEmailReceiptParser.swift */ = {isa = PBXFileReference; lastKnownFileType = sourcecode.swift; path = SwiftEmailReceiptParser.swift; sourceTree = "<group>"; };
		406949BDE05A97C338FFFAD2 /* HealthKit.framework */ = {isa = PBXFileReference; lastKnownFileType = wrapper.framework; name = HealthKit.framework; path = System/Library/Frameworks/HealthKit.framework; sourceTree = SDKROOT; };
		443162E1767EFCE1E3A33DF8 /* DashboardViewModel.swift */ = {isa = PBXFileReference; lastKnownFileType = sourcecode.swift; path = DashboardViewModel.swift; sourceTree = "<group>"; };
		46F1B5247E0CC89CE4187B6A /* NutritionDatabase.swift */ = {isa = PBXFileReference; lastKnownFileType = sourcecode.swift; path = NutritionDatabase.swift; sourceTree = "<group>"; };
		4785B0598C2AFB940DC4030F /* SmartComparisonView.swift */ = {isa = PBXFileReference; lastKnownFileType = sourcecode.swift; path = SmartComparisonView.swift; sourceTree = "<group>"; };
		47958E43A494FA8EE927F4A3 /* CategoryBreakdownView.swift */ = {isa = PBXFileReference; lastKnownFileType = sourcecode.swift; path = CategoryBreakdownView.swift; sourceTree = "<group>"; };
		48F27151AE0536DB520ED6E2 /* ProfileSetupSheet.swift */ = {isa = PBXFileReference; lastKnownFileType = sourcecode.swift; path = ProfileSetupSheet.swift; sourceTree = "<group>"; };
		4C8A52EC26689DE663890973 /* HealthAnalyzer.swift */ = {isa = PBXFileReference; lastKnownFileType = sourcecode.swift; path = HealthAnalyzer.swift; sourceTree = "<group>"; };
		51E0C2548B93274577920891 /* FoodAnalyzer.swift */ = {isa = PBXFileReference; lastKnownFileType = sourcecode.swift; path = FoodAnalyzer.swift; sourceTree = "<group>"; };
		5515DA495846DAFB581A444B /* LocationSetupView.swift */ = {isa = PBXFileReference; lastKnownFileType = sourcecode.swift; path = LocationSetupView.swift; sourceTree = "<group>"; };
		565DFBF3625B3CE3B402F579 /* EmailSyncView.swift */ = {isa = PBXFileReference; lastKnownFileType = sourcecode.swift; path = EmailSyncView.swift; sourceTree = "<group>"; };
		5963D0FFF0E1877E18CE9BE9 /* DataExportView.swift */ = {isa = PBXFileReference; lastKnownFileType = sourcecode.swift; path = DataExportView.swift; sourceTree = "<group>"; };
		5BF068946FB82B2B090E9859 /* InsightsView.swift */ = {isa = PBXFileReference; lastKnownFileType = sourcecode.swift; path = InsightsView.swift; sourceTree = "<group>"; };
		5C24F0CC98986CC530FE3D22 /* MoodStore.swift */ = {isa = PBXFileReference; lastKnownFileType = sourcecode.swift; path = MoodStore.swift; sourceTree = "<group>"; };
		5E3F3A380E7CE9962A1E6ACA /* FoodDeliveryParser.swift */ = {isa = PBXFileReference; lastKnownFileType = sourcecode.swift; path = FoodDeliveryParser.swift; sourceTree = "<group>"; };
		60E952FB2367F2A7E2A989D4 /* FoodOrderScraper.swift */ = {isa = PBXFileReference; lastKnownFileType = sourcecode.swift; path = FoodOrderScraper.swift; sourceTree = "<group>"; };
		6213C92BE7F89BF2DC5CE589 /* LifeScoreEngine.swift */ = {isa = PBXFileReference; lastKnownFileType = sourcecode.swift; path = LifeScoreEngine.swift; sourceTree = "<group>"; };
		6A411C8151B9626697390188 /* OnboardingView.swift */ = {isa = PBXFileReference; lastKnownFileType = sourcecode.swift; path = OnboardingView.swift; sourceTree = "<group>"; };
		6CC685096E7916360F2118B4 /* AppLearningStage.swift */ = {isa = PBXFileReference; lastKnownFileType = sourcecode.swift; path = AppLearningStage.swift; sourceTree = "<group>"; };
		6D44EE992A89B88F50C21816 /* ChallengeStore.swift */ = {isa = PBXFileReference; lastKnownFileType = sourcecode.swift; path = ChallengeStore.swift; sourceTree = "<group>"; };
		7256ABCE120F4DD1552AEA2F /* MonthlyWrappedView.swift */ = {isa = PBXFileReference; lastKnownFileType = sourcecode.swift; path = MonthlyWrappedView.swift; sourceTree = "<group>"; };
		76860E48ED8E2F855A6B4DD5 /* SmartCategorizer.swift */ = {isa = PBXFileReference; lastKnownFileType = sourcecode.swift; path = SmartCategorizer.swift; sourceTree = "<group>"; };
		768C496DD9C11F0BA91CEE6A /* LockScreenView.swift */ = {isa = PBXFileReference; lastKnownFileType = sourcecode.swift; path = LockScreenView.swift; sourceTree = "<group>"; };
		76B0B14972CB68CF44B17D34 /* FoodAutoDetector.swift */ = {isa = PBXFileReference; lastKnownFileType = sourcecode.swift; path = FoodAutoDetector.swift; sourceTree = "<group>"; };
		77B70500E4D518BE50B4A5B5 /* GoalStore.swift */ = {isa = PBXFileReference; lastKnownFileType = sourcecode.swift; path = GoalStore.swift; sourceTree = "<group>"; };
		77EABC37C8D65B9AEAE5BA92 /* NudgeEngine.swift */ = {isa = PBXFileReference; lastKnownFileType = sourcecode.swift; path = NudgeEngine.swift; sourceTree = "<group>"; };
		7C3434E293F156ECCE23D821 /* SavingsGoalStore.swift */ = {isa = PBXFileReference; lastKnownFileType = sourcecode.swift; path = SavingsGoalStore.swift; sourceTree = "<group>"; };
		7CA71EED4FA33CE473E23E29 /* WeeklyDigestView.swift */ = {isa = PBXFileReference; lastKnownFileType = sourcecode.swift; path = WeeklyDigestView.swift; sourceTree = "<group>"; };
		7D795C7A5B8E99DF66BB27DA /* InsightsViewModel.swift */ = {isa = PBXFileReference; lastKnownFileType = sourcecode.swift; path = InsightsViewModel.swift; sourceTree = "<group>"; };
		8286F5C87CCDECE6C30C3A24 /* EventStore.swift */ = {isa = PBXFileReference; lastKnownFileType = sourcecode.swift; path = EventStore.swift; sourceTree = "<group>"; };
		85DE8D927EC9BFDFEF39DC53 /* FoodLogView.swift */ = {isa = PBXFileReference; lastKnownFileType = sourcecode.swift; path = FoodLogView.swift; sourceTree = "<group>"; };
		86038AE1032E284E79B32AD6 /* iosApp.app */ = {isa = PBXFileReference; includeInIndex = 0; lastKnownFileType = wrapper.application; path = iosApp.app; sourceTree = BUILT_PRODUCTS_DIR; };
		897AE136252BF54060FE38C7 /* TrendChartsView.swift */ = {isa = PBXFileReference; lastKnownFileType = sourcecode.swift; path = TrendChartsView.swift; sourceTree = "<group>"; };
		89E95F87FC4876F0B62D259F /* LifeCoachView.swift */ = {isa = PBXFileReference; lastKnownFileType = sourcecode.swift; path = LifeCoachView.swift; sourceTree = "<group>"; };
		8A641F6CE2B0D06658BC63B9 /* QuickFoodLogSheet.swift */ = {isa = PBXFileReference; lastKnownFileType = sourcecode.swift; path = QuickFoodLogSheet.swift; sourceTree = "<group>"; };
		8E158AD4F1F8E5515D1DF974 /* AchievementsView.swift */ = {isa = PBXFileReference; lastKnownFileType = sourcecode.swift; path = AchievementsView.swift; sourceTree = "<group>"; };
		8E83E8DC1255E73A5744FA1E /* DashboardView.swift */ = {isa = PBXFileReference; lastKnownFileType = sourcecode.swift; path = DashboardView.swift; sourceTree = "<group>"; };
		92DB86A1324A5D8F0E6E7BBF /* SettingsView.swift */ = {isa = PBXFileReference; lastKnownFileType = sourcecode.swift; path = SettingsView.swift; sourceTree = "<group>"; };
		93570CF1BCC6FF2FE92BAFB2 /* WeatherCorrelation.swift */ = {isa = PBXFileReference; lastKnownFileType = sourcecode.swift; path = WeatherCorrelation.swift; sourceTree = "<group>"; };
		941F224CF0AB3C1D531D810A /* TodayPulseEngine.swift */ = {isa = PBXFileReference; lastKnownFileType = sourcecode.swift; path = TodayPulseEngine.swift; sourceTree = "<group>"; };
		9515B652DFD608407284B391 /* LocationGateView.swift */ = {isa = PBXFileReference; lastKnownFileType = sourcecode.swift; path = LocationGateView.swift; sourceTree = "<group>"; };
		96E034857217E3051EED9D5E /* BankConnectionView.swift */ = {isa = PBXFileReference; lastKnownFileType = sourcecode.swift; path = BankConnectionView.swift; sourceTree = "<group>"; };
		98088B6DC866301B12A70A74 /* VoiceInputEngine.swift */ = {isa = PBXFileReference; lastKnownFileType = sourcecode.swift; path = VoiceInputEngine.swift; sourceTree = "<group>"; };
		9BDEA41C478261CDB5A7DD43 /* CrossSourceAnalyzer.swift */ = {isa = PBXFileReference; lastKnownFileType = sourcecode.swift; path = CrossSourceAnalyzer.swift; sourceTree = "<group>"; };
		9E402707330EDD557F0CEC05 /* MorningBriefEngine.swift */ = {isa = PBXFileReference; lastKnownFileType = sourcecode.swift; path = MorningBriefEngine.swift; sourceTree = "<group>"; };
		9EC7405D2681CE62ED93C4EF /* WhatIfSimulator.swift */ = {isa = PBXFileReference; lastKnownFileType = sourcecode.swift; path = WhatIfSimulator.swift; sourceTree = "<group>"; };
		9FD71F36E68D40DCEFCBEC1D /* NodeCompassApp.swift */ = {isa = PBXFileReference; lastKnownFileType = sourcecode.swift; path = NodeCompassApp.swift; sourceTree = "<group>"; };
		A0276F01AE57228A57F07C4C /* GoalsView.swift */ = {isa = PBXFileReference; lastKnownFileType = sourcecode.swift; path = GoalsView.swift; sourceTree = "<group>"; };
		A0C17B88CBA08421F33F6735 /* LocationCollector.swift */ = {isa = PBXFileReference; lastKnownFileType = sourcecode.swift; path = LocationCollector.swift; sourceTree = "<group>"; };
		A3368A9F0A8103F4EBF83126 /* BudgetStore.swift */ = {isa = PBXFileReference; lastKnownFileType = sourcecode.swift; path = BudgetStore.swift; sourceTree = "<group>"; };
		A59739E4F9B3F83F237819C2 /* GmailService.swift */ = {isa = PBXFileReference; lastKnownFileType = sourcecode.swift; path = GmailService.swift; sourceTree = "<group>"; };
		A884C092E6C8D6368F25F361 /* WeeklyDigestEngine.swift */ = {isa = PBXFileReference; lastKnownFileType = sourcecode.swift; path = WeeklyDigestEngine.swift; sourceTree = "<group>"; };
		AB5AF550ED8DA1804AF59669 /* VoiceInputView.swift */ = {isa = PBXFileReference; lastKnownFileType = sourcecode.swift; path = VoiceInputView.swift; sourceTree = "<group>"; };
		ADA7710153C19AA6B7F089F5 /* HealthGateView.swift */ = {isa = PBXFileReference; lastKnownFileType = sourcecode.swift; path = HealthGateView.swift; sourceTree = "<group>"; };
		AEFDEC9CB7EF660EA3D90091 /* GeminiSetupView.swift */ = {isa = PBXFileReference; lastKnownFileType = sourcecode.swift; path = GeminiSetupView.swift; sourceTree = "<group>"; };
		AF34756D6C79F4A69872FD0D /* LifeEvent.swift */ = {isa = PBXFileReference; lastKnownFileType = sourcecode.swift; path = LifeEvent.swift; sourceTree = "<group>"; };
		B1A0E071A0A9F448C300FD10 /* LocalAuthentication.framework */ = {isa = PBXFileReference; lastKnownFileType = wrapper.framework; name = LocalAuthentication.framework; path = System/Library/Frameworks/LocalAuthentication.framework; sourceTree = SDKROOT; };
		B213151CFB637FF24CAB8518 /* SavingsGoalsView.swift */ = {isa = PBXFileReference; lastKnownFileType = sourcecode.swift; path = SavingsGoalsView.swift; sourceTree = "<group>"; };
		B414DD003D19E2766B5A28EC /* Speech.framework */ = {isa = PBXFileReference; lastKnownFileType = wrapper.framework; name = Speech.framework; path = System/Library/Frameworks/Speech.framework; sourceTree = SDKROOT; };
		BEC7FD643ACF9CF69EAB5039 /* VoiceFoodParser.swift */ = {isa = PBXFileReference; lastKnownFileType = sourcecode.swift; path = VoiceFoodParser.swift; sourceTree = "<group>"; };
		BFEABA041495200170418713 /* PlaceResolver.swift */ = {isa = PBXFileReference; lastKnownFileType = sourcecode.swift; path = PlaceResolver.swift; sourceTree = "<group>"; };
		C04AD2AC9FFE3E37811D53A5 /* LocationAnalyzer.swift */ = {isa = PBXFileReference; lastKnownFileType = sourcecode.swift; path = LocationAnalyzer.swift; sourceTree = "<group>"; };
		C117AD187833E2513BD2F553 /* Info.plist */ = {isa = PBXFileReference; lastKnownFileType = text.plist; path = Info.plist; sourceTree = "<group>"; };
		C2DB7C11CEBC1E13D981A8FF /* PatternEngine.swift */ = {isa = PBXFileReference; lastKnownFileType = sourcecode.swift; path = PatternEngine.swift; sourceTree = "<group>"; };
		C5BA7C9575BC0ED6EA40C0B7 /* IntegrationAuthAlert.swift */ = {isa = PBXFileReference; lastKnownFileType = sourcecode.swift; path = IntegrationAuthAlert.swift; sourceTree = "<group>"; };
		C69DFC2ABC6818CCBF21C7C4 /* ChallengesView.swift */ = {isa = PBXFileReference; lastKnownFileType = sourcecode.swift; path = ChallengesView.swift; sourceTree = "<group>"; };
		C8462F7AB04F036EFE8E9B41 /* Insight.swift */ = {isa = PBXFileReference; lastKnownFileType = sourcecode.swift; path = Insight.swift; sourceTree = "<group>"; };
		C9125FD7056341844726926F /* BudgetView.swift */ = {isa = PBXFileReference; lastKnownFileType = sourcecode.swift; path = BudgetView.swift; sourceTree = "<group>"; };
		CA4B5CFD0B273D9283EBB777 /* WhatIfView.swift */ = {isa = PBXFileReference; lastKnownFileType = sourcecode.swift; path = WhatIfView.swift; sourceTree = "<group>"; };
		CE8509E5A49E4A5CAAEB3ADB /* ContentView.swift */ = {isa = PBXFileReference; lastKnownFileType = sourcecode.swift; path = ContentView.swift; sourceTree = "<group>"; };
		D62D19D83B3E262826BA7BD8 /* YouTabView.swift */ = {isa = PBXFileReference; lastKnownFileType = sourcecode.swift; path = YouTabView.swift; sourceTree = "<group>"; };
		D6BF4CDA71D96FD251FC705A /* FoodStore.swift */ = {isa = PBXFileReference; lastKnownFileType = sourcecode.swift; path = FoodStore.swift; sourceTree = "<group>"; };
		D733DC16BE7EC2999CA788DE /* UserProfile.swift */ = {isa = PBXFileReference; lastKnownFileType = sourcecode.swift; path = UserProfile.swift; sourceTree = "<group>"; };
		DCDBA9C20F150EA3E589017D /* BillCalendarEngine.swift */ = {isa = PBXFileReference; lastKnownFileType = sourcecode.swift; path = BillCalendarEngine.swift; sourceTree = "<group>"; };
		EA29550B57E517FA984E2F95 /* PersonalInfoStore.swift */ = {isa = PBXFileReference; lastKnownFileType = sourcecode.swift; path = PersonalInfoStore.swift; sourceTree = "<group>"; };
		EC82BE74DFE9D7EF2258721D /* GroqService.swift */ = {isa = PBXFileReference; lastKnownFileType = sourcecode.swift; path = GroqService.swift; sourceTree = "<group>"; };
		ECF316164EDDAAE8DD404D1D /* HealthCollector.swift */ = {isa = PBXFileReference; lastKnownFileType = sourcecode.swift; path = HealthCollector.swift; sourceTree = "<group>"; };
		F543015C899423D4B01CEB2E /* Assets.xcassets */ = {isa = PBXFileReference; lastKnownFileType = folder.assetcatalog; path = Assets.xcassets; sourceTree = "<group>"; };
		F79FE36B8680774BD218F485 /* ComparisonEngine.swift */ = {isa = PBXFileReference; lastKnownFileType = sourcecode.swift; path = ComparisonEngine.swift; sourceTree = "<group>"; };
		F890E958A16CEEF51D3D2199 /* HapticEngine.swift */ = {isa = PBXFileReference; lastKnownFileType = sourcecode.swift; path = HapticEngine.swift; sourceTree = "<group>"; };
		FB4F167E133E305C4DFEEACB /* HabitTrackerView.swift */ = {isa = PBXFileReference; lastKnownFileType = sourcecode.swift; path = HabitTrackerView.swift; sourceTree = "<group>"; };
		FC3DBF8F6E01D72FD17368BB /* NodeCompass.entitlements */ = {isa = PBXFileReference; lastKnownFileType = text.plist.entitlements; path = NodeCompass.entitlements; sourceTree = "<group>"; };
/* End PBXFileReference section */

/* Begin PBXFrameworksBuildPhase section */
		EF8A6E9BFD470986D9D5C9B5 /* Frameworks */ = {
			isa = PBXFrameworksBuildPhase;
			buildActionMask = 2147483647;
			files = (
				C99C1A5586D0EF87C63B9248 /* LocalAuthentication.framework in Frameworks */,
				88A20D941AF19B995A71BF12 /* CoreLocation.framework in Frameworks */,
				A1DD9C5CEFDC5A610EFCD0BC /* HealthKit.framework in Frameworks */,
				63891950E6A2B325DC5ED3DC /* Speech.framework in Frameworks */,
				1C81D6F669B7BB6D2FFCCEB3 /* GoogleSignIn in Frameworks */,
				445C052442747365B7CB2124 /* GoogleSignInSwift in Frameworks */,
				B7C4F6137AC8345E71E92063 /* LinkKit in Frameworks */,
			);
			runOnlyForDeploymentPostprocessing = 0;
		};
/* End PBXFrameworksBuildPhase section */

/* Begin PBXGroup section */
		021C4EE86B21F90050264114 /* ViewModels */ = {
			isa = PBXGroup;
			children = (
				443162E1767EFCE1E3A33DF8 /* DashboardViewModel.swift */,
				190B083056D1B8A275A42F4A /* EmailSyncViewModel.swift */,
				7D795C7A5B8E99DF66BB27DA /* InsightsViewModel.swift */,
				C5BA7C9575BC0ED6EA40C0B7 /* IntegrationAuthAlert.swift */,
			);
			path = ViewModels;
			sourceTree = "<group>";
		};
		1DB4B685CAEE8BEFEBBAEF94 /* iosApp */ = {
			isa = PBXGroup;
			children = (
				F543015C899423D4B01CEB2E /* Assets.xcassets */,
				CE8509E5A49E4A5CAAEB3ADB /* ContentView.swift */,
				C117AD187833E2513BD2F553 /* Info.plist */,
				FC3DBF8F6E01D72FD17368BB /* NodeCompass.entitlements */,
				9FD71F36E68D40DCEFCBEC1D /* NodeCompassApp.swift */,
				5A9E0E177B3786DDC3F7665F /* Intelligence */,
				B79F64FEC527C17C2F6F623C /* Services */,
				4795698A257B423F254DDC14 /* Theme */,
				021C4EE86B21F90050264114 /* ViewModels */,
				430E7B864E0EEAC082A830CC /* Views */,
			);
			path = iosApp;
			sourceTree = "<group>";
		};
		3666012298E772D226418813 /* Frameworks */ = {
			isa = PBXGroup;
			children = (
				3687BF9AB0AE427C7F5E8CE0 /* CoreLocation.framework */,
				406949BDE05A97C338FFFAD2 /* HealthKit.framework */,
				B1A0E071A0A9F448C300FD10 /* LocalAuthentication.framework */,
				B414DD003D19E2766B5A28EC /* Speech.framework */,
			);
			name = Frameworks;
			sourceTree = "<group>";
		};
		38B69C3F79CD97858CF7B609 = {
			isa = PBXGroup;
			children = (
				1DB4B685CAEE8BEFEBBAEF94 /* iosApp */,
				3666012298E772D226418813 /* Frameworks */,
				94C98B8B3A2BFC1966447269 /* Products */,
			);
			sourceTree = "<group>";
		};
		430E7B864E0EEAC082A830CC /* Views */ = {
			isa = PBXGroup;
			children = (
				8E158AD4F1F8E5515D1DF974 /* AchievementsView.swift */,
				96E034857217E3051EED9D5E /* BankConnectionView.swift */,
				C9125FD7056341844726926F /* BudgetView.swift */,
				47958E43A494FA8EE927F4A3 /* CategoryBreakdownView.swift */,
				C69DFC2ABC6818CCBF21C7C4 /* ChallengesView.swift */,
				8E83E8DC1255E73A5744FA1E /* DashboardView.swift */,
				5963D0FFF0E1877E18CE9BE9 /* DataExportView.swift */,
				565DFBF3625B3CE3B402F579 /* EmailSyncView.swift */,
				85DE8D927EC9BFDFEF39DC53 /* FoodLogView.swift */,
				AEFDEC9CB7EF660EA3D90091 /* GeminiSetupView.swift */,
				A0276F01AE57228A57F07C4C /* GoalsView.swift */,
				FB4F167E133E305C4DFEEACB /* HabitTrackerView.swift */,
				ADA7710153C19AA6B7F089F5 /* HealthGateView.swift */,
				5BF068946FB82B2B090E9859 /* InsightsView.swift */,
				89E95F87FC4876F0B62D259F /* LifeCoachView.swift */,
				9515B652DFD608407284B391 /* LocationGateView.swift */,
				28B4BBB6CE7DB59B3067ECF4 /* LocationHeatmapView.swift */,
				5515DA495846DAFB581A444B /* LocationSetupView.swift */,
				768C496DD9C11F0BA91CEE6A /* LockScreenView.swift */,
				7256ABCE120F4DD1552AEA2F /* MonthlyWrappedView.swift */,
				2C93332898B30E2F4E28AC31 /* MoodCheckInView.swift */,
				6A411C8151B9626697390188 /* OnboardingView.swift */,
				48F27151AE0536DB520ED6E2 /* ProfileSetupSheet.swift */,
				8A641F6CE2B0D06658BC63B9 /* QuickFoodLogSheet.swift */,
				B213151CFB637FF24CAB8518 /* SavingsGoalsView.swift */,
				92DB86A1324A5D8F0E6E7BBF /* SettingsView.swift */,
				4785B0598C2AFB940DC4030F /* SmartComparisonView.swift */,
				2ACC958D8A710936FBF3E507 /* SubscriptionManagerView.swift */,
				2A8B881D8B36DC9C9655B895 /* TransactionDetailView.swift */,
				07CF72C3660503AC381AFA96 /* TransactionListView.swift */,
				897AE136252BF54060FE38C7 /* TrendChartsView.swift */,
				AB5AF550ED8DA1804AF59669 /* VoiceInputView.swift */,
				7CA71EED4FA33CE473E23E29 /* WeeklyDigestView.swift */,
				CA4B5CFD0B273D9283EBB777 /* WhatIfView.swift */,
				D62D19D83B3E262826BA7BD8 /* YouTabView.swift */,
			);
			path = Views;
			sourceTree = "<group>";
		};
		4795698A257B423F254DDC14 /* Theme */ = {
			isa = PBXGroup;
			children = (
				1793CCD2031E3E7DC08D30C8 /* AppTheme.swift */,
			);
			path = Theme;
			sourceTree = "<group>";
		};
		5A9E0E177B3786DDC3F7665F /* Intelligence */ = {
			isa = PBXGroup;
			children = (
				2D3CDDBECB1534F7D9711F99 /* AchievementEngine.swift */,
				6CC685096E7916360F2118B4 /* AppLearningStage.swift */,
				0529444F4A2CB02298B68574 /* BackgroundScheduler.swift */,
				DCDBA9C20F150EA3E589017D /* BillCalendarEngine.swift */,
				A3368A9F0A8103F4EBF83126 /* BudgetStore.swift */,
				6D44EE992A89B88F50C21816 /* ChallengeStore.swift */,
				F79FE36B8680774BD218F485 /* ComparisonEngine.swift */,
				356FB86D51F95709B33569F2 /* Config.swift */,
				8286F5C87CCDECE6C30C3A24 /* EventStore.swift */,
				76B0B14972CB68CF44B17D34 /* FoodAutoDetector.swift */,
				D6BF4CDA71D96FD251FC705A /* FoodStore.swift */,
				77B70500E4D518BE50B4A5B5 /* GoalStore.swift */,
				3982D921EDEC135D657EDD1C /* HabitStore.swift */,
				F890E958A16CEEF51D3D2199 /* HapticEngine.swift */,
				6213C92BE7F89BF2DC5CE589 /* LifeScoreEngine.swift */,
				1E7762AAB5F8E3D142BC609B /* MonthlyWrappedEngine.swift */,
				5C24F0CC98986CC530FE3D22 /* MoodStore.swift */,
				9E402707330EDD557F0CEC05 /* MorningBriefEngine.swift */,
				3CA9D4CE3F20019B2118E57D /* NotificationEngine.swift */,
				77EABC37C8D65B9AEAE5BA92 /* NudgeEngine.swift */,
				46F1B5247E0CC89CE4187B6A /* NutritionDatabase.swift */,
				C2DB7C11CEBC1E13D981A8FF /* PatternEngine.swift */,
				EA29550B57E517FA984E2F95 /* PersonalInfoStore.swift */,
				7C3434E293F156ECCE23D821 /* SavingsGoalStore.swift */,
				289642ECD9EC4E523F8BF635 /* SpendingPredictor.swift */,
				11B783E099EFA8F881A31C67 /* SubscriptionManager.swift */,
				941F224CF0AB3C1D531D810A /* TodayPulseEngine.swift */,
				12C9682C27FF6CF927F56115 /* UserProfileStore.swift */,
				BEC7FD643ACF9CF69EAB5039 /* VoiceFoodParser.swift */,
				98088B6DC866301B12A70A74 /* VoiceInputEngine.swift */,
				93570CF1BCC6FF2FE92BAFB2 /* WeatherCorrelation.swift */,
				A884C092E6C8D6368F25F361 /* WeeklyDigestEngine.swift */,
				9EC7405D2681CE62ED93C4EF /* WhatIfSimulator.swift */,
				BB75FB97B6AF206491AF3C22 /* Analyzers */,
				99BC452E53F18AA62A2568E2 /* Collectors */,
				8CA807006C3D5869A52AB1F7 /* Models */,
			);
			path = Intelligence;
			sourceTree = "<group>";
		};
		8CA807006C3D5869A52AB1F7 /* Models */ = {
			isa = PBXGroup;
			children = (
				C8462F7AB04F036EFE8E9B41 /* Insight.swift */,
				AF34756D6C79F4A69872FD0D /* LifeEvent.swift */,
				D733DC16BE7EC2999CA788DE /* UserProfile.swift */,
			);
			path = Models;
			sourceTree = "<group>";
		};
		94C98B8B3A2BFC1966447269 /* Products */ = {
			isa = PBXGroup;
			children = (
				86038AE1032E284E79B32AD6 /* iosApp.app */,
			);
			name = Products;
			sourceTree = "<group>";
		};
		99BC452E53F18AA62A2568E2 /* Collectors */ = {
			isa = PBXGroup;
			children = (
				319AA25064349D463598C9AA /* DataCollector.swift */,
				ECF316164EDDAAE8DD404D1D /* HealthCollector.swift */,
				A0C17B88CBA08421F33F6735 /* LocationCollector.swift */,
				BFEABA041495200170418713 /* PlaceResolver.swift */,
				247CB0CBF0D00DFF4B5458F9 /* TransactionBridge.swift */,
			);
			path = Collectors;
			sourceTree = "<group>";
		};
		B79F64FEC527C17C2F6F623C /* Services */ = {
			isa = PBXGroup;
			children = (
				099B3B899732BCCE87EA9EE7 /* AuthService.swift */,
				5E3F3A380E7CE9962A1E6ACA /* FoodDeliveryParser.swift */,
				60E952FB2367F2A7E2A989D4 /* FoodOrderScraper.swift */,
				A59739E4F9B3F83F237819C2 /* GmailService.swift */,
				EC82BE74DFE9D7EF2258721D /* GroqService.swift */,
				0F99A6E0E5C91E3FB013D695 /* KeychainService.swift */,
				361F214944A93CF2BBA19220 /* MerchantNameResolver.swift */,
				334C63DA2F79650F4421D505 /* PlaidService.swift */,
				76860E48ED8E2F855A6B4DD5 /* SmartCategorizer.swift */,
				3E3A8BB9B7B9789724748E15 /* SwiftEmailReceiptParser.swift */,
				1F0B19F4FCBAB9EC25E497C0 /* TransactionStore.swift */,
			);
			path = Services;
			sourceTree = "<group>";
		};
		BB75FB97B6AF206491AF3C22 /* Analyzers */ = {
			isa = PBXGroup;
			children = (
				2011348C133076607AE42341 /* AnomalyDetector.swift */,
				9BDEA41C478261CDB5A7DD43 /* CrossSourceAnalyzer.swift */,
				51E0C2548B93274577920891 /* FoodAnalyzer.swift */,
				4C8A52EC26689DE663890973 /* HealthAnalyzer.swift */,
				C04AD2AC9FFE3E37811D53A5 /* LocationAnalyzer.swift */,
				189939C37AF2250AE046348D /* SpendingAnalyzer.swift */,
			);
			path = Analyzers;
			sourceTree = "<group>";
		};
/* End PBXGroup section */

/* Begin PBXNativeTarget section */
		78B53CC79860CBFC2F5543C6 /* iosApp */ = {
			isa = PBXNativeTarget;
			buildConfigurationList = 29DCA9F0B3A40325067EB163 /* Build configuration list for PBXNativeTarget "iosApp" */;
			buildPhases = (
				297B59D9CE634556D6007C40 /* Sources */,
				1623B02D10928C8101C1F806 /* Resources */,
				EF8A6E9BFD470986D9D5C9B5 /* Frameworks */,
			);
			buildRules = (
			);
			dependencies = (
			);
			name = iosApp;
			packageProductDependencies = (
				B6E18E1D8AEE3BF1FDA1E5E9 /* GoogleSignIn */,
				D54F64CAC303BBA3536F06CD /* GoogleSignInSwift */,
				328EC003D8E4D9BF9601BD48 /* LinkKit */,
			);
			productName = iosApp;
			productReference = 86038AE1032E284E79B32AD6 /* iosApp.app */;
			productType = "com.apple.product-type.application";
		};
/* End PBXNativeTarget section */

/* Begin PBXProject section */
		242FB5348943441C388468CE /* Project object */ = {
			isa = PBXProject;
			attributes = {
				BuildIndependentTargetsInParallel = YES;
				LastUpgradeCheck = 1430;
				TargetAttributes = {
					78B53CC79860CBFC2F5543C6 = {
						DevelopmentTeam = XB6YUT7453;
						ProvisioningStyle = Automatic;
					};
				};
			};
			buildConfigurationList = FF7CA1CA754D017066F1822F /* Build configuration list for PBXProject "iosApp" */;
			developmentRegion = en;
			hasScannedForEncodings = 0;
			knownRegions = (
				Base,
				en,
			);
			mainGroup = 38B69C3F79CD97858CF7B609;
			minimizedProjectReferenceProxies = 1;
			packageReferences = (
				DF1BCD5B98717A06C1B5AE17 /* XCRemoteSwiftPackageReference "GoogleSignIn-iOS" */,
				BF163914D5B84689EB475D4F /* XCRemoteSwiftPackageReference "plaid-link-ios-spm" */,
			);
			preferredProjectObjectVersion = 77;
			productRefGroup = 94C98B8B3A2BFC1966447269 /* Products */;
			projectDirPath = "";
			projectRoot = "";
			targets = (
				78B53CC79860CBFC2F5543C6 /* iosApp */,
			);
		};
/* End PBXProject section */

/* Begin PBXResourcesBuildPhase section */
		1623B02D10928C8101C1F806 /* Resources */ = {
			isa = PBXResourcesBuildPhase;
			buildActionMask = 2147483647;
			files = (
				22EA1CB33A17DCC6FC82406D /* Assets.xcassets in Resources */,
			);
			runOnlyForDeploymentPostprocessing = 0;
		};
/* End PBXResourcesBuildPhase section */

/* Begin PBXSourcesBuildPhase section */
		297B59D9CE634556D6007C40 /* Sources */ = {
			isa = PBXSourcesBuildPhase;
			buildActionMask = 2147483647;
			files = (
				743BE0836AE494478D725F0D /* AchievementEngine.swift in Sources */,
				91AC223FD164D788B3E6D39F /* AchievementsView.swift in Sources */,
				B23F47210B777B97C9482A3E /* AnomalyDetector.swift in Sources */,
				501DCB4A49B65AB77A9FA7CA /* AppLearningStage.swift in Sources */,
				56739A65E7DFD193CA84C8BC /* AppTheme.swift in Sources */,
				A57E122DC1671883D36B8287 /* AuthService.swift in Sources */,
				9DE138C8639B6CE3850577EE /* BackgroundScheduler.swift in Sources */,
				00AC98DEA28489DD6908AF55 /* BankConnectionView.swift in Sources */,
				D53660DD456657468777D2BD /* BillCalendarEngine.swift in Sources */,
				4161B8720EC599811D3C63D3 /* BudgetStore.swift in Sources */,
				D8B88039292AC912E5BFEA37 /* BudgetView.swift in Sources */,
				8DCDB92F27F8984ACF29BE87 /* CategoryBreakdownView.swift in Sources */,
				BBCE8F26E8ABD176DA343419 /* ChallengeStore.swift in Sources */,
				4D34EDCB811D431AB8C5879A /* ChallengesView.swift in Sources */,
				E725F6A479BDCEDB7AE33910 /* ComparisonEngine.swift in Sources */,
				70A5FAD0BC3A55A0687F2ABE /* Config.swift in Sources */,
				56B0305B5D3847FC6B326502 /* ContentView.swift in Sources */,
				65AB71CD9E31F5366A88E297 /* CrossSourceAnalyzer.swift in Sources */,
				B2A1BD17C5D235607CF24E6F /* DashboardView.swift in Sources */,
				3FED69853086FF3185B68E66 /* DashboardViewModel.swift in Sources */,
				7580056CEED2E01E5B7B45D7 /* DataCollector.swift in Sources */,
				9416A7BFE34CD052729D5FB3 /* DataExportView.swift in Sources */,
				0BFE2453982B24CCB51203E5 /* EmailSyncView.swift in Sources */,
				2A99CF2A373378048FE8CAB5 /* EmailSyncViewModel.swift in Sources */,
				EDA15DA0173943D9665122C6 /* EventStore.swift in Sources */,
				135660C10BB7B48F210F282D /* FoodAnalyzer.swift in Sources */,
				080C38D6B6E6C2A00E3F14DA /* FoodAutoDetector.swift in Sources */,
				CCD681F0328327A9000E6751 /* FoodDeliveryParser.swift in Sources */,
				38ECBFD31067D3E145BD4F43 /* FoodLogView.swift in Sources */,
				027BFD5C497A7856194BCD9C /* FoodOrderScraper.swift in Sources */,
				6D3C652C87360FCE5258A252 /* FoodStore.swift in Sources */,
				7E71D30EA094EDCD1F85667B /* GeminiSetupView.swift in Sources */,
				11E7C7EF9343A220AB8E8638 /* GmailService.swift in Sources */,
				4A7B2931E340B09085A1FEDB /* GoalStore.swift in Sources */,
				2096127801237A38602A0AB2 /* GoalsView.swift in Sources */,
				502AD6E9FAA4D04D20461DCD /* GroqService.swift in Sources */,
				76021EB86019550F35142A4D /* HabitStore.swift in Sources */,
				9840498E6D5690FE2ED9F9B1 /* HabitTrackerView.swift in Sources */,
				2A20626617F09E6C6A2D84D6 /* HapticEngine.swift in Sources */,
				C6D1E1DCE1A51454824ECF70 /* HealthAnalyzer.swift in Sources */,
				407951FC63D2B52F949FB36C /* HealthCollector.swift in Sources */,
				52EA6E2EB6D69497A598F515 /* HealthGateView.swift in Sources */,
				C7D2F88E9EF238E01F55027C /* Insight.swift in Sources */,
				DDBC9984B563DBE21E6F1D24 /* InsightsView.swift in Sources */,
				BE82D07869D968419F204B3E /* InsightsViewModel.swift in Sources */,
				86922E12A5B82D473854294A /* IntegrationAuthAlert.swift in Sources */,
				FB39938CC4E2E7B734725E8C /* KeychainService.swift in Sources */,
				81A243F6DBAAA499BA53AD84 /* LifeCoachView.swift in Sources */,
				1F58191B6654C4E174D04F65 /* LifeEvent.swift in Sources */,
				0B10CDDFAC8D4D7D371ECEC6 /* LifeScoreEngine.swift in Sources */,
				7DCAE6FF690255D776897E02 /* LocationAnalyzer.swift in Sources */,
				1BF95D6B806A1850610E6CB5 /* LocationCollector.swift in Sources */,
				E04BDF60961932EED8648493 /* LocationGateView.swift in Sources */,
				C51A54D1D425B7A94A82A5D8 /* LocationHeatmapView.swift in Sources */,
				27CF968BD4FD26515C7CC106 /* LocationSetupView.swift in Sources */,
				C95854546DF2E0CCF2034A0A /* LockScreenView.swift in Sources */,
				1F9C660C476B1677432DAAC0 /* MerchantNameResolver.swift in Sources */,
				06AA33967BDC1C169AB740BF /* MonthlyWrappedEngine.swift in Sources */,
				3D211C87DBD3602B18B88EB0 /* MonthlyWrappedView.swift in Sources */,
				89C0AF28400E59C127D7A14B /* MoodCheckInView.swift in Sources */,
				3ABAF2049462044573BD7B67 /* MoodStore.swift in Sources */,
				B9A6BAF0A3CD112CEC7ADCB4 /* MorningBriefEngine.swift in Sources */,
				CADA78BF1405C9F7C1A4872B /* NodeCompassApp.swift in Sources */,
				33BA0505358482CCEFEA917B /* NotificationEngine.swift in Sources */,
				C6AF5718208DC4149629764E /* NudgeEngine.swift in Sources */,
				2548D31B2FFD8C3D1E1EEFBF /* NutritionDatabase.swift in Sources */,
				95F0B6B6CA6CBC324CEC1BD1 /* OnboardingView.swift in Sources */,
				76C7BC890898CBF71DC7104E /* PatternEngine.swift in Sources */,
				04B23479566DDDECB4E46782 /* PersonalInfoStore.swift in Sources */,
				B1751DF92A391623C19894D6 /* PlaceResolver.swift in Sources */,
				058686C8E6D871ED84DA9101 /* PlaidService.swift in Sources */,
				9AD0AE23B0F1F68C6FB5C37B /* ProfileSetupSheet.swift in Sources */,
				A8CC8A38F6C1CFD293D4C8F7 /* QuickFoodLogSheet.swift in Sources */,
				A20B58593C7FB291B85A3BED /* SavingsGoalStore.swift in Sources */,
				18F2C9BFC1AD9B9177080AE9 /* SavingsGoalsView.swift in Sources */,
				9269EDD21DFD43A131AB00FE /* SettingsView.swift in Sources */,
				EBA10633F15FEAE8A33D25C6 /* SmartCategorizer.swift in Sources */,
				557989F11CC8650FB0227F53 /* SmartComparisonView.swift in Sources */,
				4D5B24398B8B871C54E2ABCD /* SpendingAnalyzer.swift in Sources */,
				6FC6DA884973EE9F35CE56C4 /* SpendingPredictor.swift in Sources */,
				A8CE44EBC4741D7B06468968 /* SubscriptionManager.swift in Sources */,
				050F0CEB78564F11246008FC /* SubscriptionManagerView.swift in Sources */,
				8FDF6030F497B56964CC3D85 /* SwiftEmailReceiptParser.swift in Sources */,
				CE53DDC7AC0B89524FAAFC6C /* TodayPulseEngine.swift in Sources */,
				2F6237E4E4485FC255AC89C5 /* TransactionBridge.swift in Sources */,
				A831425300E3E9BF2813F6BD /* TransactionDetailView.swift in Sources */,
				3E2DC43BC0CC86FCA5E16FB1 /* TransactionListView.swift in Sources */,
				D9BA80CC24CCC8211010381A /* TransactionStore.swift in Sources */,
				C641A010C78DAA74F8781481 /* TrendChartsView.swift in Sources */,
				6BAC8D754413CF7FCAF00459 /* UserProfile.swift in Sources */,
				08612EC0817909BF81E47160 /* UserProfileStore.swift in Sources */,
				35A410EEDE9EA9F6336F556C /* VoiceFoodParser.swift in Sources */,
				F4D4F30AC936DEE08DD7259A /* VoiceInputEngine.swift in Sources */,
				55E55375CD8FF20CFA6416FF /* VoiceInputView.swift in Sources */,
				A9A2448019414843DC1EAB95 /* WeatherCorrelation.swift in Sources */,
				A2AB4CFB3BA101FA6D27B274 /* WeeklyDigestEngine.swift in Sources */,
				8D2A198F9C48936939DD54A2 /* WeeklyDigestView.swift in Sources */,
				1E934C6C49B0F826C86DF03F /* WhatIfSimulator.swift in Sources */,
				B00145C77F04DDFB292C0C5E /* WhatIfView.swift in Sources */,
				9C00348318BDAE348EE597CC /* YouTabView.swift in Sources */,
			);
			runOnlyForDeploymentPostprocessing = 0;
		};
/* End PBXSourcesBuildPhase section */

/* Begin XCBuildConfiguration section */
		11814011E7D6EC822BFBC66D /* Release */ = {
			isa = XCBuildConfiguration;
			buildSettings = {
				ALWAYS_SEARCH_USER_PATHS = NO;
				CLANG_ANALYZER_NONNULL = YES;
				CLANG_ANALYZER_NUMBER_OBJECT_CONVERSION = YES_AGGRESSIVE;
				CLANG_CXX_LANGUAGE_STANDARD = "gnu++14";
				CLANG_CXX_LIBRARY = "libc++";
				CLANG_ENABLE_MODULES = YES;
				CLANG_ENABLE_OBJC_ARC = YES;
				CLANG_ENABLE_OBJC_WEAK = YES;
				CLANG_WARN_BLOCK_CAPTURE_AUTORELEASING = YES;
				CLANG_WARN_BOOL_CONVERSION = YES;
				CLANG_WARN_COMMA = YES;
				CLANG_WARN_CONSTANT_CONVERSION = YES;
				CLANG_WARN_DEPRECATED_OBJC_IMPLEMENTATIONS = YES;
				CLANG_WARN_DIRECT_OBJC_ISA_USAGE = YES_ERROR;
				CLANG_WARN_DOCUMENTATION_COMMENTS = YES;
				CLANG_WARN_EMPTY_BODY = YES;
				CLANG_WARN_ENUM_CONVERSION = YES;
				CLANG_WARN_INFINITE_RECURSION = YES;
				CLANG_WARN_INT_CONVERSION = YES;
				CLANG_WARN_NON_LITERAL_NULL_CONVERSION = YES;
				CLANG_WARN_OBJC_IMPLICIT_RETAIN_SELF = YES;
				CLANG_WARN_OBJC_LITERAL_CONVERSION = YES;
				CLANG_WARN_OBJC_ROOT_CLASS = YES_ERROR;
				CLANG_WARN_QUOTED_INCLUDE_IN_FRAMEWORK_HEADER = YES;
				CLANG_WARN_RANGE_LOOP_ANALYSIS = YES;
				CLANG_WARN_STRICT_PROTOTYPES = YES;
				CLANG_WARN_SUSPICIOUS_MOVE = YES;
				CLANG_WARN_UNGUARDED_AVAILABILITY = YES_AGGRESSIVE;
				CLANG_WARN_UNREACHABLE_CODE = YES;
				CLANG_WARN__DUPLICATE_METHOD_MATCH = YES;
				COPY_PHASE_STRIP = NO;
				DEBUG_INFORMATION_FORMAT = "dwarf-with-dsym";
				ENABLE_NS_ASSERTIONS = NO;
				ENABLE_STRICT_OBJC_MSGSEND = YES;
				GCC_C_LANGUAGE_STANDARD = gnu11;
				GCC_NO_COMMON_BLOCKS = YES;
				GCC_WARN_64_TO_32_BIT_CONVERSION = YES;
				GCC_WARN_ABOUT_RETURN_TYPE = YES_ERROR;
				GCC_WARN_UNDECLARED_SELECTOR = YES;
				GCC_WARN_UNINITIALIZED_AUTOS = YES_AGGRESSIVE;
				GCC_WARN_UNUSED_FUNCTION = YES;
				GCC_WARN_UNUSED_VARIABLE = YES;
				IPHONEOS_DEPLOYMENT_TARGET = 17.0;
				MTL_ENABLE_DEBUG_INFO = NO;
				MTL_FAST_MATH = YES;
				PRODUCT_NAME = "$(TARGET_NAME)";
				SDKROOT = iphoneos;
				SWIFT_COMPILATION_MODE = wholemodule;
				SWIFT_OPTIMIZATION_LEVEL = "-O";
				SWIFT_VERSION = 5.0;
			};
			name = Release;
		};
		6C824A6EB4BAD43AE2A4BB29 /* Debug */ = {
			isa = XCBuildConfiguration;
			buildSettings = {
				ALWAYS_SEARCH_USER_PATHS = NO;
				CLANG_ANALYZER_NONNULL = YES;
				CLANG_ANALYZER_NUMBER_OBJECT_CONVERSION = YES_AGGRESSIVE;
				CLANG_CXX_LANGUAGE_STANDARD = "gnu++14";
				CLANG_CXX_LIBRARY = "libc++";
				CLANG_ENABLE_MODULES = YES;
				CLANG_ENABLE_OBJC_ARC = YES;
				CLANG_ENABLE_OBJC_WEAK = YES;
				CLANG_WARN_BLOCK_CAPTURE_AUTORELEASING = YES;
				CLANG_WARN_BOOL_CONVERSION = YES;
				CLANG_WARN_COMMA = YES;
				CLANG_WARN_CONSTANT_CONVERSION = YES;
				CLANG_WARN_DEPRECATED_OBJC_IMPLEMENTATIONS = YES;
				CLANG_WARN_DIRECT_OBJC_ISA_USAGE = YES_ERROR;
				CLANG_WARN_DOCUMENTATION_COMMENTS = YES;
				CLANG_WARN_EMPTY_BODY = YES;
				CLANG_WARN_ENUM_CONVERSION = YES;
				CLANG_WARN_INFINITE_RECURSION = YES;
				CLANG_WARN_INT_CONVERSION = YES;
				CLANG_WARN_NON_LITERAL_NULL_CONVERSION = YES;
				CLANG_WARN_OBJC_IMPLICIT_RETAIN_SELF = YES;
				CLANG_WARN_OBJC_LITERAL_CONVERSION = YES;
				CLANG_WARN_OBJC_ROOT_CLASS = YES_ERROR;
				CLANG_WARN_QUOTED_INCLUDE_IN_FRAMEWORK_HEADER = YES;
				CLANG_WARN_RANGE_LOOP_ANALYSIS = YES;
				CLANG_WARN_STRICT_PROTOTYPES = YES;
				CLANG_WARN_SUSPICIOUS_MOVE = YES;
				CLANG_WARN_UNGUARDED_AVAILABILITY = YES_AGGRESSIVE;
				CLANG_WARN_UNREACHABLE_CODE = YES;
				CLANG_WARN__DUPLICATE_METHOD_MATCH = YES;
				COPY_PHASE_STRIP = NO;
				DEBUG_INFORMATION_FORMAT = dwarf;
				ENABLE_STRICT_OBJC_MSGSEND = YES;
				ENABLE_TESTABILITY = YES;
				GCC_C_LANGUAGE_STANDARD = gnu11;
				GCC_DYNAMIC_NO_PIC = NO;
				GCC_NO_COMMON_BLOCKS = YES;
				GCC_OPTIMIZATION_LEVEL = 0;
				GCC_PREPROCESSOR_DEFINITIONS = (
					"$(inherited)",
					"DEBUG=1",
				);
				GCC_WARN_64_TO_32_BIT_CONVERSION = YES;
				GCC_WARN_ABOUT_RETURN_TYPE = YES_ERROR;
				GCC_WARN_UNDECLARED_SELECTOR = YES;
				GCC_WARN_UNINITIALIZED_AUTOS = YES_AGGRESSIVE;
				GCC_WARN_UNUSED_FUNCTION = YES;
				GCC_WARN_UNUSED_VARIABLE = YES;
				IPHONEOS_DEPLOYMENT_TARGET = 17.0;
				MTL_ENABLE_DEBUG_INFO = INCLUDE_SOURCE;
				MTL_FAST_MATH = YES;
				ONLY_ACTIVE_ARCH = YES;
				PRODUCT_NAME = "$(TARGET_NAME)";
				SDKROOT = iphoneos;
				SWIFT_ACTIVE_COMPILATION_CONDITIONS = DEBUG;
				SWIFT_OPTIMIZATION_LEVEL = "-Onone";
				SWIFT_VERSION = 5.0;
			};
			name = Debug;
		};
		9221A1FDC06803E8A2FC6E61 /* Debug */ = {
			isa = XCBuildConfiguration;
			buildSettings = {
				ASSETCATALOG_COMPILER_APPICON_NAME = AppIcon;
				ASSETCATALOG_COMPILER_GLOBAL_ACCENT_COLOR_NAME = AccentColor;
				CODE_SIGN_ENTITLEMENTS = iosApp/NodeCompass.entitlements;
				CODE_SIGN_IDENTITY = "iPhone Developer";
				CODE_SIGN_STYLE = Automatic;
				CURRENT_PROJECT_VERSION = 1;
				DEVELOPMENT_TEAM = XB6YUT7453;
				GENERATE_INFOPLIST_FILE = YES;
				INFOPLIST_FILE = iosApp/Info.plist;
				INFOPLIST_KEY_CFBundleDisplayName = NodeCompass;
				INFOPLIST_KEY_UIApplicationSceneManifest_Generation = YES;
				INFOPLIST_KEY_UIApplicationSupportsIndirectInputEvents = YES;
				INFOPLIST_KEY_UIBackgroundModes = "fetch processing location";
				INFOPLIST_KEY_UILaunchScreen_Generation = YES;
				INFOPLIST_KEY_UISupportedInterfaceOrientations_iPhone = UIInterfaceOrientationPortrait;
				LD_RUNPATH_SEARCH_PATHS = (
					"$(inherited)",
					"@executable_path/Frameworks",
				);
				MARKETING_VERSION = 1.0.0;
				PRODUCT_BUNDLE_IDENTIFIER = com.nodecompass.app;
				PRODUCT_NAME = NodeCompass;
				SDKROOT = iphoneos;
				SWIFT_EMIT_LOC_STRINGS = YES;
				SWIFT_VERSION = 5.9;
				TARGETED_DEVICE_FAMILY = "1,2";
			};
			name = Debug;
		};
		AF835BFF1220CA5AB5B867E4 /* Release */ = {
			isa = XCBuildConfiguration;
			buildSettings = {
				ASSETCATALOG_COMPILER_APPICON_NAME = AppIcon;
				ASSETCATALOG_COMPILER_GLOBAL_ACCENT_COLOR_NAME = AccentColor;
				CODE_SIGN_ENTITLEMENTS = iosApp/NodeCompass.entitlements;
				CODE_SIGN_IDENTITY = "iPhone Developer";
				CODE_SIGN_STYLE = Automatic;
				CURRENT_PROJECT_VERSION = 1;
				DEVELOPMENT_TEAM = XB6YUT7453;
				GENERATE_INFOPLIST_FILE = YES;
				INFOPLIST_FILE = iosApp/Info.plist;
				INFOPLIST_KEY_CFBundleDisplayName = NodeCompass;
				INFOPLIST_KEY_UIApplicationSceneManifest_Generation = YES;
				INFOPLIST_KEY_UIApplicationSupportsIndirectInputEvents = YES;
				INFOPLIST_KEY_UIBackgroundModes = "fetch processing location";
				INFOPLIST_KEY_UILaunchScreen_Generation = YES;
				INFOPLIST_KEY_UISupportedInterfaceOrientations_iPhone = UIInterfaceOrientationPortrait;
				LD_RUNPATH_SEARCH_PATHS = (
					"$(inherited)",
					"@executable_path/Frameworks",
				);
				MARKETING_VERSION = 1.0.0;
				PRODUCT_BUNDLE_IDENTIFIER = com.nodecompass.app;
				PRODUCT_NAME = NodeCompass;
				SDKROOT = iphoneos;
				SWIFT_EMIT_LOC_STRINGS = YES;
				SWIFT_VERSION = 5.9;
				TARGETED_DEVICE_FAMILY = "1,2";
			};
			name = Release;
		};
/* End XCBuildConfiguration section */

/* Begin XCConfigurationList section */
		29DCA9F0B3A40325067EB163 /* Build configuration list for PBXNativeTarget "iosApp" */ = {
			isa = XCConfigurationList;
			buildConfigurations = (
				9221A1FDC06803E8A2FC6E61 /* Debug */,
				AF835BFF1220CA5AB5B867E4 /* Release */,
			);
			defaultConfigurationIsVisible = 0;
			defaultConfigurationName = Debug;
		};
		FF7CA1CA754D017066F1822F /* Build configuration list for PBXProject "iosApp" */ = {
			isa = XCConfigurationList;
			buildConfigurations = (
				6C824A6EB4BAD43AE2A4BB29 /* Debug */,
				11814011E7D6EC822BFBC66D /* Release */,
			);
			defaultConfigurationIsVisible = 0;
			defaultConfigurationName = Debug;
		};
/* End XCConfigurationList section */

/* Begin XCRemoteSwiftPackageReference section */
		BF163914D5B84689EB475D4F /* XCRemoteSwiftPackageReference "plaid-link-ios-spm" */ = {
			isa = XCRemoteSwiftPackageReference;
			repositoryURL = "https://github.com/plaid/plaid-link-ios-spm";
			requirement = {
				kind = upToNextMajorVersion;
				minimumVersion = 6.0.0;
			};
		};
		DF1BCD5B98717A06C1B5AE17 /* XCRemoteSwiftPackageReference "GoogleSignIn-iOS" */ = {
			isa = XCRemoteSwiftPackageReference;
			repositoryURL = "https://github.com/google/GoogleSignIn-iOS";
			requirement = {
				kind = upToNextMajorVersion;
				minimumVersion = 9.1.0;
			};
		};
/* End XCRemoteSwiftPackageReference section */

/* Begin XCSwiftPackageProductDependency section */
		328EC003D8E4D9BF9601BD48 /* LinkKit */ = {
			isa = XCSwiftPackageProductDependency;
			package = BF163914D5B84689EB475D4F /* XCRemoteSwiftPackageReference "plaid-link-ios-spm" */;
			productName = LinkKit;
		};
		B6E18E1D8AEE3BF1FDA1E5E9 /* GoogleSignIn */ = {
			isa = XCSwiftPackageProductDependency;
			package = DF1BCD5B98717A06C1B5AE17 /* XCRemoteSwiftPackageReference "GoogleSignIn-iOS" */;
			productName = GoogleSignIn;
		};
		D54F64CAC303BBA3536F06CD /* GoogleSignInSwift */ = {
			isa = XCSwiftPackageProductDependency;
			package = DF1BCD5B98717A06C1B5AE17 /* XCRemoteSwiftPackageReference "GoogleSignIn-iOS" */;
			productName = GoogleSignInSwift;
		};
/* End XCSwiftPackageProductDependency section */
	};
	rootObject = 242FB5348943441C388468CE /* Project object */;
}
